
Microsoft Visual Studio Solution File, Format Version 12.00
# Visual Studio Version 16
VisualStudioVersion = 16.0.32228.343
MinimumVisualStudioVersion = 10.0.40219.1
Project("{FAE04EC0-301F-11D3-BF4B-00C04F79EFBC}") = "WebSach1", "WebSach1\WebSach1.csproj", "{679EEC03-F6A4-4F91-BE0F-29FE9F295F5D}"
EndProject
Global
	GlobalSection(SolutionConfigurationPlatforms) = preSolution
		Debug|Any CPU = Debug|Any CPU
		Release|Any CPU = Release|Any CPU
	EndGlobalSection
	GlobalSection(ProjectConfigurationPlatforms) = postSolution
		{679EEC03-F6A4-4F91-BE0F-29FE9F295F5D}.Debug|Any CPU.ActiveCfg = Debug|Any CPU
		{679EEC03-F6A4-4F91-BE0F-29FE9F295F5D}.Debug|Any CPU.Build.0 = Debug|Any CPU
		{679EEC03-F6A4-4F91-BE0F-29FE9F295F5D}.Release|Any CPU.ActiveCfg = Release|Any CPU
		{679EEC03-F6A4-4F91-BE0F-29FE9F295F5D}.Release|Any CPU.Build.0 = Release|Any CPU
	EndGlobalSection
	GlobalSection(SolutionProperties) = preSolution
		HideSolutionNode = FALSE
	EndGlobalSection
	GlobalSection(ExtensibilityGlobals) = postSolution
		SolutionGuid = {FDE2003D-4420-4FB0-B207-60D73F0B152F}
	EndGlobalSection
EndGlobal
